
Microsoft Visual Studio Solution File, Format Version 12.00
# Visual Studio Version 17
VisualStudioVersion = 17.0.32112.339
MinimumVisualStudioVersion = 10.0.40219.1
Project("{FAE04EC0-301F-11D3-BF4B-00C04F79EFBC}") = "FlowerWebSite.WebApp", "FlowerWebSite.WebApp\FlowerWebSite.WebApp.csproj", "{7F54ED37-E56A-421C-9845-19522CF8C87E}"
EndProject
Global
	GlobalSection(SolutionConfigurationPlatforms) = preSolution
		Debug|Any CPU = Debug|Any CPU
		Release|Any CPU = Release|Any CPU
	EndGlobalSection
	GlobalSection(ProjectConfigurationPlatforms) = postSolution
		{7F54ED37-E56A-421C-9845-19522CF8C87E}.Debug|Any CPU.ActiveCfg = Debug|Any CPU
		{7F54ED37-E56A-421C-9845-19522CF8C87E}.Debug|Any CPU.Build.0 = Debug|Any CPU
		{7F54ED37-E56A-421C-9845-19522CF8C87E}.Release|Any CPU.ActiveCfg = Release|Any CPU
		{7F54ED37-E56A-421C-9845-19522CF8C87E}.Release|Any CPU.Build.0 = Release|Any CPU
	EndGlobalSection
	GlobalSection(SolutionProperties) = preSolution
		HideSolutionNode = FALSE
	EndGlobalSection
	GlobalSection(ExtensibilityGlobals) = postSolution
		SolutionGuid = {7B78374E-AE0A-43A7-9427-AAB4E490A16C}
	EndGlobalSection
EndGlobal
